
Microsoft Visual Studio Solution File, Format Version 12.00
# Visual Studio Version 17
VisualStudioVersion = 17.5.002.0
MinimumVisualStudioVersion = 10.0.40219.1
Project("{9A19103F-16F7-4668-BE54-9A1E7A4F7556}") = "APL2003", "APL2003.csproj", "{FEF31F1F-2C3C-4467-AF48-BD27C9E29E91}"
EndProject
Global
	GlobalSection(SolutionConfigurationPlatforms) = preSolution
		Debug|Any CPU = Debug|Any CPU
		Release|Any CPU = Release|Any CPU
	EndGlobalSection
	GlobalSection(ProjectConfigurationPlatforms) = postSolution
		{FEF31F1F-2C3C-4467-AF48-BD27C9E29E91}.Debug|Any CPU.ActiveCfg = Debug|Any CPU
		{FEF31F1F-2C3C-4467-AF48-BD27C9E29E91}.Debug|Any CPU.Build.0 = Debug|Any CPU
		{FEF31F1F-2C3C-4467-AF48-BD27C9E29E91}.Release|Any CPU.ActiveCfg = Release|Any CPU
		{FEF31F1F-2C3C-4467-AF48-BD27C9E29E91}.Release|Any CPU.Build.0 = Release|Any CPU
	EndGlobalSection
	GlobalSection(SolutionProperties) = preSolution
		HideSolutionNode = FALSE
	EndGlobalSection
	GlobalSection(ExtensibilityGlobals) = postSolution
		SolutionGuid = {21B4C418-39EC-44BF-92E8-0A2EF76B8ADD}
	EndGlobalSection
EndGlobal
